<?xml version="1.0" encoding="utf-8"?>
<Project ToolsVersion="4.0" xmlns="http://schemas.microsoft.com/developer/msbuild/2003">
  <ItemGroup>
    <Filter Include="application">
      <UniqueIdentifier>{0ded0045-842b-4be7-bbef-e24cd7af667c}</UniqueIdentifier>
    </Filter>
    <Filter Include="resources">
      <UniqueIdentifier>{b4052620-be2c-4ac5-a794-23a764cc3490}</UniqueIdentifier>
    </Filter>
  </ItemGroup>
  <ItemGroup>
    <ClInclude Include="resource.h">
      <Filter>resources</Filter>
    </ClInclude>
    <ClInclude Include="Libraries\JavaScriptInterface\CefWebView.h">
      <Filter>application</Filter>
    </ClInclude>
    <ClInclude Include="version.h">
      <Filter>application</Filter>
    </ClInclude>
    <ClInclude Include="security.h">
      <Filter>application</Filter>
    </ClInclude>
  </ItemGroup>
  <ItemGroup>
    <ClCompile Include="winmain.cpp">
      <Filter>application</Filter>
    </ClCompile>
    <ClCompile Include="Libraries\JavaScriptInterface\CefWebView.cpp">
      <Filter>application</Filter>
    </ClCompile>
  </ItemGroup>
  <ItemGroup>
    <ResourceCompile Include="resource.rc">
      <Filter>resources</Filter>
    </ResourceCompile>
  </ItemGroup>
</Project>